// !$*UTF8*$!
{
	archiveVersion = 1;
	classes = {
	};
	objectVersion = 56;
	objects = {

/* Begin PBXBuildFile section */
		8C6651802CBEEDE500E12710 /* RealmSwift in Frameworks */ = {isa = PBXBuildFile; productRef = 8C66517F2CBEEDE500E12710 /* RealmSwift */; };
		8C6651842CBEEFE100E12710 /* RealmManager.swift in Sources */ = {isa = PBXBuildFile; fileRef = 8C6651832CBEEFE100E12710 /* RealmManager.swift */; };
		8C6651862CBEEFEC00E12710 /* RealmModels.swift in Sources */ = {isa = PBXBuildFile; fileRef = 8C6651852CBEEFEC00E12710 /* RealmModels.swift */; };
		8C6651882CBF034F00E12710 /* CreateTaskViewController.swift in Sources */ = {isa = PBXBuildFile; fileRef = 8C6651872CBF034F00E12710 /* CreateTaskViewController.swift */; };
		8C6651C52CBFFBF800E12710 /* CreateSubtaskViewController.swift in Sources */ = {isa = PBXBuildFile; fileRef = 8C6651C42CBFFBF800E12710 /* CreateSubtaskViewController.swift */; };
		8C6651C62CC008DC00E12710 /* RealmSwift in Embed Frameworks */ = {isa = PBXBuildFile; productRef = 8C66517F2CBEEDE500E12710 /* RealmSwift */; settings = {ATTRIBUTES = (CodeSignOnCopy, ); }; };
		8C6651CA2CC01EED00E12710 /* LocalNotificationsService.swift in Sources */ = {isa = PBXBuildFile; fileRef = 8C6651C92CC01EED00E12710 /* LocalNotificationsService.swift */; };
		8C6651D72CC024D500E12710 /* TodoSubtask+CoreDataClass.swift in Sources */ = {isa = PBXBuildFile; fileRef = 8C6651D32CC024D500E12710 /* TodoSubtask+CoreDataClass.swift */; };
		8C6651D82CC024D500E12710 /* TodoSubtask+CoreDataProperties.swift in Sources */ = {isa = PBXBuildFile; fileRef = 8C6651D42CC024D500E12710 /* TodoSubtask+CoreDataProperties.swift */; };
		8C6651D92CC024D500E12710 /* TodoTask+CoreDataClass.swift in Sources */ = {isa = PBXBuildFile; fileRef = 8C6651D52CC024D500E12710 /* TodoTask+CoreDataClass.swift */; };
		8C6651DA2CC024D500E12710 /* TodoTask+CoreDataProperties.swift in Sources */ = {isa = PBXBuildFile; fileRef = 8C6651D62CC024D500E12710 /* TodoTask+CoreDataProperties.swift */; };
		8C6651DC2CC0554E00E12710 /* SettingsViewController.swift in Sources */ = {isa = PBXBuildFile; fileRef = 8C6651DB2CC0554E00E12710 /* SettingsViewController.swift */; };
		8C88C3942CB5834A00A1D174 /* SubtasksViewController.swift in Sources */ = {isa = PBXBuildFile; fileRef = 8C88C3932CB5834A00A1D174 /* SubtasksViewController.swift */; };
		8C88C3972CB59EF000A1D174 /* TaskTableViewCell.swift in Sources */ = {isa = PBXBuildFile; fileRef = 8C88C3962CB59EF000A1D174 /* TaskTableViewCell.swift */; };
		8C88C39B2CB5A00A00A1D174 /* SubtaskTableViewCell.swift in Sources */ = {isa = PBXBuildFile; fileRef = 8C88C39A2CB5A00A00A1D174 /* SubtaskTableViewCell.swift */; };
		8C88C39D2CB5AED500A1D174 /* ViewController+Alerts.swift in Sources */ = {isa = PBXBuildFile; fileRef = 8C88C39C2CB5AED500A1D174 /* ViewController+Alerts.swift */; };
		8CA7C3812CBC6373006F32B8 /* DBManager.swift in Sources */ = {isa = PBXBuildFile; fileRef = 8CA7C3802CBC6373006F32B8 /* DBManager.swift */; };
		8CA7C3852CBC64DE006F32B8 /* TaskEntity.swift in Sources */ = {isa = PBXBuildFile; fileRef = 8CA7C3842CBC64DE006F32B8 /* TaskEntity.swift */; };
		8CA7C3872CBC64E7006F32B8 /* SubtaskEntity.swift in Sources */ = {isa = PBXBuildFile; fileRef = 8CA7C3862CBC64E7006F32B8 /* SubtaskEntity.swift */; };
		8CA7C3892CBC69AE006F32B8 /* CoreDataManager.swift in Sources */ = {isa = PBXBuildFile; fileRef = 8CA7C3882CBC69AE006F32B8 /* CoreDataManager.swift */; };
		8CA7C38B2CBC6E26006F32B8 /* CoreDataStack.swift in Sources */ = {isa = PBXBuildFile; fileRef = 8CA7C38A2CBC6E26006F32B8 /* CoreDataStack.swift */; };
		8CBD273C2CB48FE100E413E3 /* AppDelegate.swift in Sources */ = {isa = PBXBuildFile; fileRef = 8CBD273B2CB48FE100E413E3 /* AppDelegate.swift */; };
		8CBD273E2CB48FE100E413E3 /* SceneDelegate.swift in Sources */ = {isa = PBXBuildFile; fileRef = 8CBD273D2CB48FE100E413E3 /* SceneDelegate.swift */; };
		8CBD27402CB48FE100E413E3 /* TasksViewController.swift in Sources */ = {isa = PBXBuildFile; fileRef = 8CBD273F2CB48FE100E413E3 /* TasksViewController.swift */; };
		8CBD27432CB48FE100E413E3 /* Main.storyboard in Resources */ = {isa = PBXBuildFile; fileRef = 8CBD27412CB48FE100E413E3 /* Main.storyboard */; };
		8CBD27462CB48FE100E413E3 /* TodoList.xcdatamodeld in Sources */ = {isa = PBXBuildFile; fileRef = 8CBD27442CB48FE100E413E3 /* TodoList.xcdatamodeld */; };
		8CBD27482CB48FE500E413E3 /* Assets.xcassets in Resources */ = {isa = PBXBuildFile; fileRef = 8CBD27472CB48FE500E413E3 /* Assets.xcassets */; };
		8CBD274B2CB48FE500E413E3 /* LaunchScreen.storyboard in Resources */ = {isa = PBXBuildFile; fileRef = 8CBD27492CB48FE500E413E3 /* LaunchScreen.storyboard */; };
/* End PBXBuildFile section */

/* Begin PBXCopyFilesBuildPhase section */
		8C6651C72CC008DC00E12710 /* Embed Frameworks */ = {
			isa = PBXCopyFilesBuildPhase;
			buildActionMask = 2147483647;
			dstPath = "";
			dstSubfolderSpec = 10;
			files = (
				8C6651C62CC008DC00E12710 /* RealmSwift in Embed Frameworks */,
			);
			name = "Embed Frameworks";
			runOnlyForDeploymentPostprocessing = 0;
		};
/* End PBXCopyFilesBuildPhase section */

/* Begin PBXFileReference section */
		8C6651832CBEEFE100E12710 /* RealmManager.swift */ = {isa = PBXFileReference; lastKnownFileType = sourcecode.swift; path = RealmManager.swift; sourceTree = "<group>"; };
		8C6651852CBEEFEC00E12710 /* RealmModels.swift */ = {isa = PBXFileReference; lastKnownFileType = sourcecode.swift; path = RealmModels.swift; sourceTree = "<group>"; };
		8C6651872CBF034F00E12710 /* CreateTaskViewController.swift */ = {isa = PBXFileReference; lastKnownFileType = sourcecode.swift; path = CreateTaskViewController.swift; sourceTree = "<group>"; };
		8C6651C42CBFFBF800E12710 /* CreateSubtaskViewController.swift */ = {isa = PBXFileReference; lastKnownFileType = sourcecode.swift; path = CreateSubtaskViewController.swift; sourceTree = "<group>"; };
		8C6651C92CC01EED00E12710 /* LocalNotificationsService.swift */ = {isa = PBXFileReference; lastKnownFileType = sourcecode.swift; path = LocalNotificationsService.swift; sourceTree = "<group>"; };
		8C6651D32CC024D500E12710 /* TodoSubtask+CoreDataClass.swift */ = {isa = PBXFileReference; lastKnownFileType = sourcecode.swift; path = "TodoSubtask+CoreDataClass.swift"; sourceTree = "<group>"; };
		8C6651D42CC024D500E12710 /* TodoSubtask+CoreDataProperties.swift */ = {isa = PBXFileReference; lastKnownFileType = sourcecode.swift; path = "TodoSubtask+CoreDataProperties.swift"; sourceTree = "<group>"; };
		8C6651D52CC024D500E12710 /* TodoTask+CoreDataClass.swift */ = {isa = PBXFileReference; lastKnownFileType = sourcecode.swift; path = "TodoTask+CoreDataClass.swift"; sourceTree = "<group>"; };
		8C6651D62CC024D500E12710 /* TodoTask+CoreDataProperties.swift */ = {isa = PBXFileReference; lastKnownFileType = sourcecode.swift; path = "TodoTask+CoreDataProperties.swift"; sourceTree = "<group>"; };
		8C6651DB2CC0554E00E12710 /* SettingsViewController.swift */ = {isa = PBXFileReference; lastKnownFileType = sourcecode.swift; path = SettingsViewController.swift; sourceTree = "<group>"; };
		8C88C3932CB5834A00A1D174 /* SubtasksViewController.swift */ = {isa = PBXFileReference; lastKnownFileType = sourcecode.swift; path = SubtasksViewController.swift; sourceTree = "<group>"; };
		8C88C3962CB59EF000A1D174 /* TaskTableViewCell.swift */ = {isa = PBXFileReference; lastKnownFileType = sourcecode.swift; path = TaskTableViewCell.swift; sourceTree = "<group>"; };
		8C88C39A2CB5A00A00A1D174 /* SubtaskTableViewCell.swift */ = {isa = PBXFileReference; lastKnownFileType = sourcecode.swift; path = SubtaskTableViewCell.swift; sourceTree = "<group>"; };
		8C88C39C2CB5AED500A1D174 /* ViewController+Alerts.swift */ = {isa = PBXFileReference; lastKnownFileType = sourcecode.swift; path = "ViewController+Alerts.swift"; sourceTree = "<group>"; };
		8C88C39E2CB5BF5F00A1D174 /* README.md */ = {isa = PBXFileReference; lastKnownFileType = net.daringfireball.markdown; path = README.md; sourceTree = "<group>"; };
		8CA7C3802CBC6373006F32B8 /* DBManager.swift */ = {isa = PBXFileReference; lastKnownFileType = sourcecode.swift; path = DBManager.swift; sourceTree = "<group>"; };
		8CA7C3842CBC64DE006F32B8 /* TaskEntity.swift */ = {isa = PBXFileReference; lastKnownFileType = sourcecode.swift; path = TaskEntity.swift; sourceTree = "<group>"; };
		8CA7C3862CBC64E7006F32B8 /* SubtaskEntity.swift */ = {isa = PBXFileReference; lastKnownFileType = sourcecode.swift; path = SubtaskEntity.swift; sourceTree = "<group>"; };
		8CA7C3882CBC69AE006F32B8 /* CoreDataManager.swift */ = {isa = PBXFileReference; lastKnownFileType = sourcecode.swift; path = CoreDataManager.swift; sourceTree = "<group>"; };
		8CA7C38A2CBC6E26006F32B8 /* CoreDataStack.swift */ = {isa = PBXFileReference; lastKnownFileType = sourcecode.swift; path = CoreDataStack.swift; sourceTree = "<group>"; };
		8CBD27382CB48FE100E413E3 /* TodoList.app */ = {isa = PBXFileReference; explicitFileType = wrapper.application; includeInIndex = 0; path = TodoList.app; sourceTree = BUILT_PRODUCTS_DIR; };
		8CBD273B2CB48FE100E413E3 /* AppDelegate.swift */ = {isa = PBXFileReference; lastKnownFileType = sourcecode.swift; path = AppDelegate.swift; sourceTree = "<group>"; };
		8CBD273D2CB48FE100E413E3 /* SceneDelegate.swift */ = {isa = PBXFileReference; lastKnownFileType = sourcecode.swift; path = SceneDelegate.swift; sourceTree = "<group>"; };
		8CBD273F2CB48FE100E413E3 /* TasksViewController.swift */ = {isa = PBXFileReference; lastKnownFileType = sourcecode.swift; path = TasksViewController.swift; sourceTree = "<group>"; };
		8CBD27422CB48FE100E413E3 /* Base */ = {isa = PBXFileReference; lastKnownFileType = file.storyboard; name = Base; path = Base.lproj/Main.storyboard; sourceTree = "<group>"; };
		8CBD27452CB48FE100E413E3 /* TodoList.xcdatamodel */ = {isa = PBXFileReference; lastKnownFileType = wrapper.xcdatamodel; path = TodoList.xcdatamodel; sourceTree = "<group>"; };
		8CBD27472CB48FE500E413E3 /* Assets.xcassets */ = {isa = PBXFileReference; lastKnownFileType = folder.assetcatalog; path = Assets.xcassets; sourceTree = "<group>"; };
		8CBD274A2CB48FE500E413E3 /* Base */ = {isa = PBXFileReference; lastKnownFileType = file.storyboard; name = Base; path = Base.lproj/LaunchScreen.storyboard; sourceTree = "<group>"; };
		8CBD274C2CB48FE500E413E3 /* Info.plist */ = {isa = PBXFileReference; lastKnownFileType = text.plist.xml; path = Info.plist; sourceTree = "<group>"; };
/* End PBXFileReference section */

/* Begin PBXFrameworksBuildPhase section */
		8CBD27352CB48FE100E413E3 /* Frameworks */ = {
			isa = PBXFrameworksBuildPhase;
			buildActionMask = 2147483647;
			files = (
				8C6651802CBEEDE500E12710 /* RealmSwift in Frameworks */,
			);
			runOnlyForDeploymentPostprocessing = 0;
		};
/* End PBXFrameworksBuildPhase section */

/* Begin PBXGroup section */
		8C6651812CBEEE1300E12710 /* CoreData */ = {
			isa = PBXGroup;
			children = (
				8CA7C3882CBC69AE006F32B8 /* CoreDataManager.swift */,
				8CA7C38A2CBC6E26006F32B8 /* CoreDataStack.swift */,
			);
			path = CoreData;
			sourceTree = "<group>";
		};
		8C6651822CBEEF4B00E12710 /* Realm */ = {
			isa = PBXGroup;
			children = (
				8C6651832CBEEFE100E12710 /* RealmManager.swift */,
				8C6651852CBEEFEC00E12710 /* RealmModels.swift */,
			);
			path = Realm;
			sourceTree = "<group>";
		};
		8C6651C82CC01ED100E12710 /* Business */ = {
			isa = PBXGroup;
			children = (
				8C6651C92CC01EED00E12710 /* LocalNotificationsService.swift */,
			);
			path = Business;
			sourceTree = "<group>";
		};
		8C88C3982CB59FE700A1D174 /* Controllers */ = {
			isa = PBXGroup;
			children = (
				8CBD273F2CB48FE100E413E3 /* TasksViewController.swift */,
				8C88C39C2CB5AED500A1D174 /* ViewController+Alerts.swift */,
				8C88C3932CB5834A00A1D174 /* SubtasksViewController.swift */,
				8C6651872CBF034F00E12710 /* CreateTaskViewController.swift */,
				8C6651C42CBFFBF800E12710 /* CreateSubtaskViewController.swift */,
				8C6651DB2CC0554E00E12710 /* SettingsViewController.swift */,
			);
			path = Controllers;
			sourceTree = "<group>";
		};
		8C88C3992CB59FF500A1D174 /* Views */ = {
			isa = PBXGroup;
			children = (
				8C88C3962CB59EF000A1D174 /* TaskTableViewCell.swift */,
				8C88C39A2CB5A00A00A1D174 /* SubtaskTableViewCell.swift */,
			);
			path = Views;
			sourceTree = "<group>";
		};
		8CA7C3822CBC6378006F32B8 /* Data */ = {
			isa = PBXGroup;
			children = (
				8C6651822CBEEF4B00E12710 /* Realm */,
				8C6651812CBEEE1300E12710 /* CoreData */,
				8CA7C3802CBC6373006F32B8 /* DBManager.swift */,
			);
			path = Data;
			sourceTree = "<group>";
		};
		8CA7C3832CBC64D2006F32B8 /* Domain */ = {
			isa = PBXGroup;
			children = (
				8CA7C3842CBC64DE006F32B8 /* TaskEntity.swift */,
				8CA7C3862CBC64E7006F32B8 /* SubtaskEntity.swift */,
			);
			path = Domain;
			sourceTree = "<group>";
		};
		8CBD272F2CB48FE100E413E3 = {
			isa = PBXGroup;
			children = (
				8C6651D32CC024D500E12710 /* TodoSubtask+CoreDataClass.swift */,
				8C6651D42CC024D500E12710 /* TodoSubtask+CoreDataProperties.swift */,
				8C6651D52CC024D500E12710 /* TodoTask+CoreDataClass.swift */,
				8C6651D62CC024D500E12710 /* TodoTask+CoreDataProperties.swift */,
				8CBD273A2CB48FE100E413E3 /* TodoList */,
				8CBD27392CB48FE100E413E3 /* Products */,
			);
			sourceTree = "<group>";
		};
		8CBD27392CB48FE100E413E3 /* Products */ = {
			isa = PBXGroup;
			children = (
				8CBD27382CB48FE100E413E3 /* TodoList.app */,
			);
			name = Products;
			sourceTree = "<group>";
		};
		8CBD273A2CB48FE100E413E3 /* TodoList */ = {
			isa = PBXGroup;
			children = (
				8C6651C82CC01ED100E12710 /* Business */,
				8CA7C3832CBC64D2006F32B8 /* Domain */,
				8CA7C3822CBC6378006F32B8 /* Data */,
				8C88C3992CB59FF500A1D174 /* Views */,
				8C88C3982CB59FE700A1D174 /* Controllers */,
				8CBD273B2CB48FE100E413E3 /* AppDelegate.swift */,
				8CBD273D2CB48FE100E413E3 /* SceneDelegate.swift */,
				8CBD27412CB48FE100E413E3 /* Main.storyboard */,
				8CBD27472CB48FE500E413E3 /* Assets.xcassets */,
				8CBD27492CB48FE500E413E3 /* LaunchScreen.storyboard */,
				8CBD274C2CB48FE500E413E3 /* Info.plist */,
				8CBD27442CB48FE100E413E3 /* TodoList.xcdatamodeld */,
				8C88C39E2CB5BF5F00A1D174 /* README.md */,
			);
			path = TodoList;
			sourceTree = "<group>";
		};
/* End PBXGroup section */

/* Begin PBXNativeTarget section */
		8CBD27372CB48FE100E413E3 /* TodoList */ = {
			isa = PBXNativeTarget;
			buildConfigurationList = 8CBD274F2CB48FE500E413E3 /* Build configuration list for PBXNativeTarget "TodoList" */;
			buildPhases = (
				8CBD27342CB48FE100E413E3 /* Sources */,
				8CBD27352CB48FE100E413E3 /* Frameworks */,
				8CBD27362CB48FE100E413E3 /* Resources */,
				8C6651C72CC008DC00E12710 /* Embed Frameworks */,
			);
			buildRules = (
			);
			dependencies = (
			);
			name = TodoList;
			packageProductDependencies = (
				8C66517F2CBEEDE500E12710 /* RealmSwift */,
			);
			productName = TodoList;
			productReference = 8CBD27382CB48FE100E413E3 /* TodoList.app */;
			productType = "com.apple.product-type.application";
		};
/* End PBXNativeTarget section */

/* Begin PBXProject section */
		8CBD27302CB48FE100E413E3 /* Project object */ = {
			isa = PBXProject;
			attributes = {
				BuildIndependentTargetsInParallel = 1;
				LastSwiftUpdateCheck = 1500;
				LastUpgradeCheck = 1500;
				TargetAttributes = {
					8CBD27372CB48FE100E413E3 = {
						CreatedOnToolsVersion = 15.0;
					};
				};
			};
			buildConfigurationList = 8CBD27332CB48FE100E413E3 /* Build configuration list for PBXProject "TodoList" */;
			compatibilityVersion = "Xcode 14.0";
			developmentRegion = en;
			hasScannedForEncodings = 0;
			knownRegions = (
				en,
				Base,
			);
			mainGroup = 8CBD272F2CB48FE100E413E3;
			packageReferences = (
				8C66517E2CBEEDE500E12710 /* XCRemoteSwiftPackageReference "realm-swift" */,
			);
			productRefGroup = 8CBD27392CB48FE100E413E3 /* Products */;
			projectDirPath = "";
			projectRoot = "";
			targets = (
				8CBD27372CB48FE100E413E3 /* TodoList */,
			);
		};
/* End PBXProject section */

/* Begin PBXResourcesBuildPhase section */
		8CBD27362CB48FE100E413E3 /* Resources */ = {
			isa = PBXResourcesBuildPhase;
			buildActionMask = 2147483647;
			files = (
				8CBD274B2CB48FE500E413E3 /* LaunchScreen.storyboard in Resources */,
				8CBD27482CB48FE500E413E3 /* Assets.xcassets in Resources */,
				8CBD27432CB48FE100E413E3 /* Main.storyboard in Resources */,
			);
			runOnlyForDeploymentPostprocessing = 0;
		};
/* End PBXResourcesBuildPhase section */

/* Begin PBXSourcesBuildPhase section */
		8CBD27342CB48FE100E413E3 /* Sources */ = {
			isa = PBXSourcesBuildPhase;
			buildActionMask = 2147483647;
			files = (
				8C6651CA2CC01EED00E12710 /* LocalNotificationsService.swift in Sources */,
				8CBD27402CB48FE100E413E3 /* TasksViewController.swift in Sources */,
				8CA7C3872CBC64E7006F32B8 /* SubtaskEntity.swift in Sources */,
				8C88C3942CB5834A00A1D174 /* SubtasksViewController.swift in Sources */,
				8C6651862CBEEFEC00E12710 /* RealmModels.swift in Sources */,
				8CBD273C2CB48FE100E413E3 /* AppDelegate.swift in Sources */,
				8C88C39D2CB5AED500A1D174 /* ViewController+Alerts.swift in Sources */,
				8C6651842CBEEFE100E12710 /* RealmManager.swift in Sources */,
				8CBD273E2CB48FE100E413E3 /* SceneDelegate.swift in Sources */,
				8C6651D82CC024D500E12710 /* TodoSubtask+CoreDataProperties.swift in Sources */,
				8C88C39B2CB5A00A00A1D174 /* SubtaskTableViewCell.swift in Sources */,
				8CA7C3852CBC64DE006F32B8 /* TaskEntity.swift in Sources */,
				8C6651DA2CC024D500E12710 /* TodoTask+CoreDataProperties.swift in Sources */,
				8C6651D72CC024D500E12710 /* TodoSubtask+CoreDataClass.swift in Sources */,
				8CA7C3812CBC6373006F32B8 /* DBManager.swift in Sources */,
				8C6651DC2CC0554E00E12710 /* SettingsViewController.swift in Sources */,
				8CA7C38B2CBC6E26006F32B8 /* CoreDataStack.swift in Sources */,
				8C6651D92CC024D500E12710 /* TodoTask+CoreDataClass.swift in Sources */,
				8CBD27462CB48FE100E413E3 /* TodoList.xcdatamodeld in Sources */,
				8CA7C3892CBC69AE006F32B8 /* CoreDataManager.swift in Sources */,
				8C6651C52CBFFBF800E12710 /* CreateSubtaskViewController.swift in Sources */,
				8C88C3972CB59EF000A1D174 /* TaskTableViewCell.swift in Sources */,
				8C6651882CBF034F00E12710 /* CreateTaskViewController.swift in Sources */,
			);
			runOnlyForDeploymentPostprocessing = 0;
		};
/* End PBXSourcesBuildPhase section */

/* Begin PBXVariantGroup section */
		8CBD27412CB48FE100E413E3 /* Main.storyboard */ = {
			isa = PBXVariantGroup;
			children = (
				8CBD27422CB48FE100E413E3 /* Base */,
			);
			name = Main.storyboard;
			sourceTree = "<group>";
		};
		8CBD27492CB48FE500E413E3 /* LaunchScreen.storyboard */ = {
			isa = PBXVariantGroup;
			children = (
				8CBD274A2CB48FE500E413E3 /* Base */,
			);
			name = LaunchScreen.storyboard;
			sourceTree = "<group>";
		};
/* End PBXVariantGroup section */

/* Begin XCBuildConfiguration section */
		8CBD274D2CB48FE500E413E3 /* Debug */ = {
			isa = XCBuildConfiguration;
			buildSettings = {
				ALWAYS_SEARCH_USER_PATHS = NO;
				ASSETCATALOG_COMPILER_GENERATE_SWIFT_ASSET_SYMBOL_EXTENSIONS = YES;
				CLANG_ANALYZER_NONNULL = YES;
				CLANG_ANALYZER_NUMBER_OBJECT_CONVERSION = YES_AGGRESSIVE;
				CLANG_CXX_LANGUAGE_STANDARD = "gnu++20";
				CLANG_ENABLE_MODULES = YES;
				CLANG_ENABLE_OBJC_ARC = YES;
				CLANG_ENABLE_OBJC_WEAK = YES;
				CLANG_WARN_BLOCK_CAPTURE_AUTORELEASING = YES;
				CLANG_WARN_BOOL_CONVERSION = YES;
				CLANG_WARN_COMMA = YES;
				CLANG_WARN_CONSTANT_CONVERSION = YES;
				CLANG_WARN_DEPRECATED_OBJC_IMPLEMENTATIONS = YES;
				CLANG_WARN_DIRECT_OBJC_ISA_USAGE = YES_ERROR;
				CLANG_WARN_DOCUMENTATION_COMMENTS = YES;
				CLANG_WARN_EMPTY_BODY = YES;
				CLANG_WARN_ENUM_CONVERSION = YES;
				CLANG_WARN_INFINITE_RECURSION = YES;
				CLANG_WARN_INT_CONVERSION = YES;
				CLANG_WARN_NON_LITERAL_NULL_CONVERSION = YES;
				CLANG_WARN_OBJC_IMPLICIT_RETAIN_SELF = YES;
				CLANG_WARN_OBJC_LITERAL_CONVERSION = YES;
				CLANG_WARN_OBJC_ROOT_CLASS = YES_ERROR;
				CLANG_WARN_QUOTED_INCLUDE_IN_FRAMEWORK_HEADER = YES;
				CLANG_WARN_RANGE_LOOP_ANALYSIS = YES;
				CLANG_WARN_STRICT_PROTOTYPES = YES;
				CLANG_WARN_SUSPICIOUS_MOVE = YES;
				CLANG_WARN_UNGUARDED_AVAILABILITY = YES_AGGRESSIVE;
				CLANG_WARN_UNREACHABLE_CODE = YES;
				CLANG_WARN__DUPLICATE_METHOD_MATCH = YES;
				COPY_PHASE_STRIP = NO;
				DEBUG_INFORMATION_FORMAT = dwarf;
				ENABLE_STRICT_OBJC_MSGSEND = YES;
				ENABLE_TESTABILITY = YES;
				ENABLE_USER_SCRIPT_SANDBOXING = YES;
				GCC_C_LANGUAGE_STANDARD = gnu17;
				GCC_DYNAMIC_NO_PIC = NO;
				GCC_NO_COMMON_BLOCKS = YES;
				GCC_OPTIMIZATION_LEVEL = 0;
				GCC_PREPROCESSOR_DEFINITIONS = (
					"DEBUG=1",
					"$(inherited)",
				);
				GCC_WARN_64_TO_32_BIT_CONVERSION = YES;
				GCC_WARN_ABOUT_RETURN_TYPE = YES_ERROR;
				GCC_WARN_UNDECLARED_SELECTOR = YES;
				GCC_WARN_UNINITIALIZED_AUTOS = YES_AGGRESSIVE;
				GCC_WARN_UNUSED_FUNCTION = YES;
				GCC_WARN_UNUSED_VARIABLE = YES;
				IPHONEOS_DEPLOYMENT_TARGET = 17.0;
				LOCALIZATION_PREFERS_STRING_CATALOGS = YES;
				MTL_ENABLE_DEBUG_INFO = INCLUDE_SOURCE;
				MTL_FAST_MATH = YES;
				ONLY_ACTIVE_ARCH = YES;
				SDKROOT = iphoneos;
				SWIFT_ACTIVE_COMPILATION_CONDITIONS = "DEBUG $(inherited)";
				SWIFT_OPTIMIZATION_LEVEL = "-Onone";
			};
			name = Debug;
		};
		8CBD274E2CB48FE500E413E3 /* Release */ = {
			isa = XCBuildConfiguration;
			buildSettings = {
				ALWAYS_SEARCH_USER_PATHS = NO;
				ASSETCATALOG_COMPILER_GENERATE_SWIFT_ASSET_SYMBOL_EXTENSIONS = YES;
				CLANG_ANALYZER_NONNULL = YES;
				CLANG_ANALYZER_NUMBER_OBJECT_CONVERSION = YES_AGGRESSIVE;
				CLANG_CXX_LANGUAGE_STANDARD = "gnu++20";
				CLANG_ENABLE_MODULES = YES;
				CLANG_ENABLE_OBJC_ARC = YES;
				CLANG_ENABLE_OBJC_WEAK = YES;
				CLANG_WARN_BLOCK_CAPTURE_AUTORELEASING = YES;
				CLANG_WARN_BOOL_CONVERSION = YES;
				CLANG_WARN_COMMA = YES;
				CLANG_WARN_CONSTANT_CONVERSION = YES;
				CLANG_WARN_DEPRECATED_OBJC_IMPLEMENTATIONS = YES;
				CLANG_WARN_DIRECT_OBJC_ISA_USAGE = YES_ERROR;
				CLANG_WARN_DOCUMENTATION_COMMENTS = YES;
				CLANG_WARN_EMPTY_BODY = YES;
				CLANG_WARN_ENUM_CONVERSION = YES;
				CLANG_WARN_INFINITE_RECURSION = YES;
				CLANG_WARN_INT_CONVERSION = YES;
				CLANG_WARN_NON_LITERAL_NULL_CONVERSION = YES;
				CLANG_WARN_OBJC_IMPLICIT_RETAIN_SELF = YES;
				CLANG_WARN_OBJC_LITERAL_CONVERSION = YES;
				CLANG_WARN_OBJC_ROOT_CLASS = YES_ERROR;
				CLANG_WARN_QUOTED_INCLUDE_IN_FRAMEWORK_HEADER = YES;
				CLANG_WARN_RANGE_LOOP_ANALYSIS = YES;
				CLANG_WARN_STRICT_PROTOTYPES = YES;
				CLANG_WARN_SUSPICIOUS_MOVE = YES;
				CLANG_WARN_UNGUARDED_AVAILABILITY = YES_AGGRESSIVE;
				CLANG_WARN_UNREACHABLE_CODE = YES;
				CLANG_WARN__DUPLICATE_METHOD_MATCH = YES;
				COPY_PHASE_STRIP = NO;
				DEBUG_INFORMATION_FORMAT = "dwarf-with-dsym";
				ENABLE_NS_ASSERTIONS = NO;
				ENABLE_STRICT_OBJC_MSGSEND = YES;
				ENABLE_USER_SCRIPT_SANDBOXING = YES;
				GCC_C_LANGUAGE_STANDARD = gnu17;
				GCC_NO_COMMON_BLOCKS = YES;
				GCC_WARN_64_TO_32_BIT_CONVERSION = YES;
				GCC_WARN_ABOUT_RETURN_TYPE = YES_ERROR;
				GCC_WARN_UNDECLARED_SELECTOR = YES;
				GCC_WARN_UNINITIALIZED_AUTOS = YES_AGGRESSIVE;
				GCC_WARN_UNUSED_FUNCTION = YES;
				GCC_WARN_UNUSED_VARIABLE = YES;
				IPHONEOS_DEPLOYMENT_TARGET = 17.0;
				LOCALIZATION_PREFERS_STRING_CATALOGS = YES;
				MTL_ENABLE_DEBUG_INFO = NO;
				MTL_FAST_MATH = YES;
				SDKROOT = iphoneos;
				SWIFT_COMPILATION_MODE = wholemodule;
				VALIDATE_PRODUCT = YES;
			};
			name = Release;
		};
		8CBD27502CB48FE500E413E3 /* Debug */ = {
			isa = XCBuildConfiguration;
			buildSettings = {
				ASSETCATALOG_COMPILER_APPICON_NAME = AppIcon;
				ASSETCATALOG_COMPILER_GLOBAL_ACCENT_COLOR_NAME = AccentColor;
				CODE_SIGN_STYLE = Automatic;
				CURRENT_PROJECT_VERSION = 1;
				DEVELOPMENT_TEAM = D85QWSUNYA;
				GENERATE_INFOPLIST_FILE = YES;
				INFOPLIST_FILE = TodoList/Info.plist;
				INFOPLIST_KEY_UIApplicationSupportsIndirectInputEvents = YES;
				INFOPLIST_KEY_UILaunchStoryboardName = LaunchScreen;
				INFOPLIST_KEY_UIMainStoryboardFile = Main;
				INFOPLIST_KEY_UISupportedInterfaceOrientations_iPad = "UIInterfaceOrientationPortrait UIInterfaceOrientationPortraitUpsideDown UIInterfaceOrientationLandscapeLeft UIInterfaceOrientationLandscapeRight";
				INFOPLIST_KEY_UISupportedInterfaceOrientations_iPhone = "UIInterfaceOrientationPortrait UIInterfaceOrientationLandscapeLeft UIInterfaceOrientationLandscapeRight";
				LD_RUNPATH_SEARCH_PATHS = (
					"$(inherited)",
					"@executable_path/Frameworks",
				);
				MARKETING_VERSION = 1.0;
				PRODUCT_BUNDLE_IDENTIFIER = "ua.edu.ukma.apple-env.verkhohliad.TodoList";
				PRODUCT_NAME = "$(TARGET_NAME)";
				SWIFT_EMIT_LOC_STRINGS = YES;
				SWIFT_VERSION = 5.0;
				TARGETED_DEVICE_FAMILY = "1,2";
			};
			name = Debug;
		};
		8CBD27512CB48FE500E413E3 /* Release */ = {
			isa = XCBuildConfiguration;
			buildSettings = {
				ASSETCATALOG_COMPILER_APPICON_NAME = AppIcon;
				ASSETCATALOG_COMPILER_GLOBAL_ACCENT_COLOR_NAME = AccentColor;
				CODE_SIGN_STYLE = Automatic;
				CURRENT_PROJECT_VERSION = 1;
				DEVELOPMENT_TEAM = D85QWSUNYA;
				GENERATE_INFOPLIST_FILE = YES;
				INFOPLIST_FILE = TodoList/Info.plist;
				INFOPLIST_KEY_UIApplicationSupportsIndirectInputEvents = YES;
				INFOPLIST_KEY_UILaunchStoryboardName = LaunchScreen;
				INFOPLIST_KEY_UIMainStoryboardFile = Main;
				INFOPLIST_KEY_UISupportedInterfaceOrientations_iPad = "UIInterfaceOrientationPortrait UIInterfaceOrientationPortraitUpsideDown UIInterfaceOrientationLandscapeLeft UIInterfaceOrientationLandscapeRight";
				INFOPLIST_KEY_UISupportedInterfaceOrientations_iPhone = "UIInterfaceOrientationPortrait UIInterfaceOrientationLandscapeLeft UIInterfaceOrientationLandscapeRight";
				LD_RUNPATH_SEARCH_PATHS = (
					"$(inherited)",
					"@executable_path/Frameworks",
				);
				MARKETING_VERSION = 1.0;
				PRODUCT_BUNDLE_IDENTIFIER = "ua.edu.ukma.apple-env.verkhohliad.TodoList";
				PRODUCT_NAME = "$(TARGET_NAME)";
				SWIFT_EMIT_LOC_STRINGS = YES;
				SWIFT_VERSION = 5.0;
				TARGETED_DEVICE_FAMILY = "1,2";
			};
			name = Release;
		};
/* End XCBuildConfiguration section */

/* Begin XCConfigurationList section */
		8CBD27332CB48FE100E413E3 /* Build configuration list for PBXProject "TodoList" */ = {
			isa = XCConfigurationList;
			buildConfigurations = (
				8CBD274D2CB48FE500E413E3 /* Debug */,
				8CBD274E2CB48FE500E413E3 /* Release */,
			);
			defaultConfigurationIsVisible = 0;
			defaultConfigurationName = Release;
		};
		8CBD274F2CB48FE500E413E3 /* Build configuration list for PBXNativeTarget "TodoList" */ = {
			isa = XCConfigurationList;
			buildConfigurations = (
				8CBD27502CB48FE500E413E3 /* Debug */,
				8CBD27512CB48FE500E413E3 /* Release */,
			);
			defaultConfigurationIsVisible = 0;
			defaultConfigurationName = Release;
		};
/* End XCConfigurationList section */

/* Begin XCRemoteSwiftPackageReference section */
		8C66517E2CBEEDE500E12710 /* XCRemoteSwiftPackageReference "realm-swift" */ = {
			isa = XCRemoteSwiftPackageReference;
			repositoryURL = "https://github.com/realm/realm-swift.git";
			requirement = {
				kind = upToNextMajorVersion;
				minimumVersion = 10.0.0;
			};
		};
/* End XCRemoteSwiftPackageReference section */

/* Begin XCSwiftPackageProductDependency section */
		8C66517F2CBEEDE500E12710 /* RealmSwift */ = {
			isa = XCSwiftPackageProductDependency;
			package = 8C66517E2CBEEDE500E12710 /* XCRemoteSwiftPackageReference "realm-swift" */;
			productName = RealmSwift;
		};
/* End XCSwiftPackageProductDependency section */

/* Begin XCVersionGroup section */
		8CBD27442CB48FE100E413E3 /* TodoList.xcdatamodeld */ = {
			isa = XCVersionGroup;
			children = (
				8CBD27452CB48FE100E413E3 /* TodoList.xcdatamodel */,
			);
			currentVersion = 8CBD27452CB48FE100E413E3 /* TodoList.xcdatamodel */;
			path = TodoList.xcdatamodeld;
			sourceTree = "<group>";
			versionGroupType = wrapper.xcdatamodel;
		};
/* End XCVersionGroup section */
	};
	rootObject = 8CBD27302CB48FE100E413E3 /* Project object */;
}
